
Microsoft Visual Studio Solution File, Format Version 12.00
# Visual Studio Version 17
VisualStudioVersion = 17.0.31903.59
MinimumVisualStudioVersion = 10.0.40219.1
Project("{FAE04EC0-301F-11D3-BF4B-00C04F79EFBC}") = "buckeyebot.Api", "buckeyebot.Api\buckeyebot.Api.csproj", "{26D6B2F1-B404-4F7E-BE52-DC94F69D1D65}"
EndProject
Project("{FAE04EC0-301F-11D3-BF4B-00C04F79EFBC}") = "buckeyebot.Domain", "buckeyebot.Domain\buckeyebot.Domain.csproj", "{9ABE0524-A483-49A2-97D8-513097CC67D5}"
EndProject
Project("{FAE04EC0-301F-11D3-BF4B-00C04F79EFBC}") = "buckeyebot.Data", "buckeyebot.Data\buckeyebot.Data.csproj", "{F028AFFE-5E6F-45BC-9E2D-622F6155F7EA}"
EndProject
Project("{2150E333-8FDC-42A3-9474-1A3956D46DE8}") = "tests", "tests", "{93501BAF-060E-4590-A64D-382E82B97EE9}"
EndProject
Project("{FAE04EC0-301F-11D3-BF4B-00C04F79EFBC}") = "buckeyebot.Domain.Tests", "tests\buckeyebot.Domain.Tests\buckeyebot.Domain.Tests.csproj", "{6E2A07DE-4D37-45FB-BC9D-DB93DAF6722A}"
EndProject
Global
	GlobalSection(SolutionConfigurationPlatforms) = preSolution
		Debug|Any CPU = Debug|Any CPU
		Release|Any CPU = Release|Any CPU
	EndGlobalSection
	GlobalSection(SolutionProperties) = preSolution
		HideSolutionNode = FALSE
	EndGlobalSection
	GlobalSection(ProjectConfigurationPlatforms) = postSolution
		{26D6B2F1-B404-4F7E-BE52-DC94F69D1D65}.Debug|Any CPU.ActiveCfg = Debug|Any CPU
		{26D6B2F1-B404-4F7E-BE52-DC94F69D1D65}.Debug|Any CPU.Build.0 = Debug|Any CPU
		{26D6B2F1-B404-4F7E-BE52-DC94F69D1D65}.Release|Any CPU.ActiveCfg = Release|Any CPU
		{26D6B2F1-B404-4F7E-BE52-DC94F69D1D65}.Release|Any CPU.Build.0 = Release|Any CPU
		{9ABE0524-A483-49A2-97D8-513097CC67D5}.Debug|Any CPU.ActiveCfg = Debug|Any CPU
		{9ABE0524-A483-49A2-97D8-513097CC67D5}.Debug|Any CPU.Build.0 = Debug|Any CPU
		{9ABE0524-A483-49A2-97D8-513097CC67D5}.Release|Any CPU.ActiveCfg = Release|Any CPU
		{9ABE0524-A483-49A2-97D8-513097CC67D5}.Release|Any CPU.Build.0 = Release|Any CPU
		{F028AFFE-5E6F-45BC-9E2D-622F6155F7EA}.Debug|Any CPU.ActiveCfg = Debug|Any CPU
		{F028AFFE-5E6F-45BC-9E2D-622F6155F7EA}.Debug|Any CPU.Build.0 = Debug|Any CPU
		{F028AFFE-5E6F-45BC-9E2D-622F6155F7EA}.Release|Any CPU.ActiveCfg = Release|Any CPU
		{F028AFFE-5E6F-45BC-9E2D-622F6155F7EA}.Release|Any CPU.Build.0 = Release|Any CPU
		{6E2A07DE-4D37-45FB-BC9D-DB93DAF6722A}.Debug|Any CPU.ActiveCfg = Debug|Any CPU
		{6E2A07DE-4D37-45FB-BC9D-DB93DAF6722A}.Debug|Any CPU.Build.0 = Debug|Any CPU
		{6E2A07DE-4D37-45FB-BC9D-DB93DAF6722A}.Release|Any CPU.ActiveCfg = Release|Any CPU
		{6E2A07DE-4D37-45FB-BC9D-DB93DAF6722A}.Release|Any CPU.Build.0 = Release|Any CPU
	EndGlobalSection
	GlobalSection(NestedProjects) = preSolution
		{6E2A07DE-4D37-45FB-BC9D-DB93DAF6722A} = {93501BAF-060E-4590-A64D-382E82B97EE9}
	EndGlobalSection
EndGlobal
